
Microsoft Visual Studio Solution File, Format Version 12.00
# Visual Studio 15
VisualStudioVersion = 15.0.28307.1831
MinimumVisualStudioVersion = 10.0.40219.1
Project("{FAE04EC0-301F-11D3-BF4B-00C04F79EFBC}") = "Pife", "Pife\Pife.csproj", "{791067E8-5F75-440C-A3C6-F3BE62CB11A3}"
EndProject
Global
	GlobalSection(SolutionConfigurationPlatforms) = preSolution
		Debug|Any CPU = Debug|Any CPU
		Release|Any CPU = Release|Any CPU
	EndGlobalSection
	GlobalSection(ProjectConfigurationPlatforms) = postSolution
		{791067E8-5F75-440C-A3C6-F3BE62CB11A3}.Debug|Any CPU.ActiveCfg = Debug|Any CPU
		{791067E8-5F75-440C-A3C6-F3BE62CB11A3}.Debug|Any CPU.Build.0 = Debug|Any CPU
		{791067E8-5F75-440C-A3C6-F3BE62CB11A3}.Release|Any CPU.ActiveCfg = Release|Any CPU
		{791067E8-5F75-440C-A3C6-F3BE62CB11A3}.Release|Any CPU.Build.0 = Release|Any CPU
	EndGlobalSection
	GlobalSection(SolutionProperties) = preSolution
		HideSolutionNode = FALSE
	EndGlobalSection
	GlobalSection(ExtensibilityGlobals) = postSolution
		SolutionGuid = {D18FD7CF-15E7-4561-BD72-50DD72BE6455}
	EndGlobalSection
EndGlobal
